Microsoft Visual Studio Solution File, Format Version 12.00
# Visual Studio Version 17
VisualStudioVersion = 17.5.2.0
MinimumVisualStudioVersion = 10.0.40219.1
Project("{FAE04EC0-301F-11D3-BF4B-00C04F79EFBC}") = "shopaholic", "shopaholic.csproj", "{0A5CBC9A-2C19-3801-3043-03CDE1121F41}"
EndProject
Global
	GlobalSection(SolutionConfigurationPlatforms) = preSolution
		Debug|Any CPU = Debug|Any CPU
		Release|Any CPU = Release|Any CPU
	EndGlobalSection
	GlobalSection(ProjectConfigurationPlatforms) = postSolution
		{0A5CBC9A-2C19-3801-3043-03CDE1121F41}.Debug|Any CPU.ActiveCfg = Debug|Any CPU
		{0A5CBC9A-2C19-3801-3043-03CDE1121F41}.Debug|Any CPU.Build.0 = Debug|Any CPU
		{0A5CBC9A-2C19-3801-3043-03CDE1121F41}.Release|Any CPU.ActiveCfg = Release|Any CPU
		{0A5CBC9A-2C19-3801-3043-03CDE1121F41}.Release|Any CPU.Build.0 = Release|Any CPU
	EndGlobalSection
	GlobalSection(SolutionProperties) = preSolution
		HideSolutionNode = FALSE
	EndGlobalSection
	GlobalSection(ExtensibilityGlobals) = postSolution
		SolutionGuid = {C8E1E741-E113-4F51-91B7-4C7597CC295A}
	EndGlobalSection
EndGlobal
